dependencies:
- name: loki
  repository: https://grafana.github.io/helm-charts
  version: 6.49.0
- name: tempo
  repository: https://grafana.github.io/helm-charts
  version: 1.24.1
- name: kube-prometheus-stack
  repository: https://prometheus-community.github.io/helm-charts
  version: 80.4.1
- name: rustfs
  repository: https://charts.rustfs.com
  version: 0.0.73
- name: thanos
  repository: https://solidcharts.github.io/helm-charts
  version: 0.10.0
digest: sha256:0d569dbda703ea9a69c762c25ab0b27c9f1d2ee978190e29f5e96225c618d054
generated: "2025-12-16T13:26:54.039570306+05:30"
